github.com/MrWong99/filemanager v1.0.0 h1:C0Gf9h5RfPDUMd9hG6DH5POa7DDNj3LwzYKkgvq4vrc=
github.com/MrWong99/filemanager v1.0.0/go.mod h1:e/YZPjFGEPAyDAena+3R9G2bHID0iWlrnL7byG1ZRPg=
github.com/MrWong99/filemanager v1.0.1 h1:tyPXYHU6Z9zO5x8DdXTxCMwQNtr56keuuuR0bb+Di0M=
github.com/MrWong99/filemanager v1.0.1/go.mod h1:e/YZPjFGEPAyDAena+3R9G2bHID0iWlrnL7byG1ZRPg=
